// !$*UTF8*$!
{
	archiveVersion = 1;
	classes = {
	};
	objectVersion = 46;
	objects = {

/* Begin PBXBuildFile section */
		3845A5A9159E528900284CDB /* main.c in Sources */ = {isa = PBXBuildFile; fileRef = 3845A5A8159E528900284CDB /* main.c */; };
		3845A5AB159E528900284CDB /* tic_tac_toe.1 in CopyFiles */ = {isa = PBXBuildFile; fileRef = 3845A5AA159E528900284CDB /* tic_tac_toe.1 */; };
/* End PBXBuildFile section */

/* Begin PBXCopyFilesBuildPhase section */
		3845A5A2159E528900284CDB /* CopyFiles */ = {
			isa = PBXCopyFilesBuildPhase;
			buildActionMask = 2147483647;
			dstPath = /usr/share/man/man1/;
			dstSubfolderSpec = 0;
			files = (
				3845A5AB159E528900284CDB /* tic_tac_toe.1 in CopyFiles */,
			);
			runOnlyForDeploymentPostprocessing = 1;
		};
/* End PBXCopyFilesBuildPhase section */

/* Begin PBXFileReference section */
		3845A5A4159E528900284CDB /* tic-tac-toe */ = {isa = PBXFileReference; explicitFileType = "compiled.mach-o.executable"; includeInIndex = 0; path = "tic-tac-toe"; sourceTree = BUILT_PRODUCTS_DIR; };
		3845A5A8159E528900284CDB /* main.c */ = {isa = PBXFileReference; lastKnownFileType = sourcecode.c.c; path = main.c; sourceTree = "<group>"; };
		3845A5AA159E528900284CDB /* tic_tac_toe.1 */ = {isa = PBXFileReference; lastKnownFileType = text.man; path = tic_tac_toe.1; sourceTree = "<group>"; };
/* End PBXFileReference section */

/* Begin PBXFrameworksBuildPhase section */
		3845A5A1159E528900284CDB /* Frameworks */ = {
			isa = PBXFrameworksBuildPhase;
			buildActionMask = 2147483647;
			files = (
			);
			runOnlyForDeploymentPostprocessing = 0;
		};
/* End PBXFrameworksBuildPhase section */

/* Begin PBXGroup section */
		3845A599159E528900284CDB = {
			isa = PBXGroup;
			children = (
				3845A5A7159E528900284CDB /* tic-tac-toe */,
				3845A5A5159E528900284CDB /* Products */,
			);
			sourceTree = "<group>";
		};
		3845A5A5159E528900284CDB /* Products */ = {
			isa = PBXGroup;
			children = (
				3845A5A4159E528900284CDB /* tic-tac-toe */,
			);
			name = Products;
			sourceTree = "<group>";
		};
		3845A5A7159E528900284CDB /* tic-tac-toe */ = {
			isa = PBXGroup;
			children = (
				3845A5A8159E528900284CDB /* main.c */,
				3845A5AA159E528900284CDB /* tic_tac_toe.1 */,
			);
			path = "tic-tac-toe";
			sourceTree = "<group>";
		};
/* End PBXGroup section */

/* Begin PBXNativeTarget section */
		3845A5A3159E528900284CDB /* tic-tac-toe */ = {
			isa = PBXNativeTarget;
			buildConfigurationList = 3845A5AE159E528900284CDB /* Build configuration list for PBXNativeTarget "tic-tac-toe" */;
			buildPhases = (
				3845A5A0159E528900284CDB /* Sources */,
				3845A5A1159E528900284CDB /* Frameworks */,
				3845A5A2159E528900284CDB /* CopyFiles */,
			);
			buildRules = (
			);
			dependencies = (
			);
			name = "tic-tac-toe";
			productName = "tic-tac-toe";
			productReference = 3845A5A4159E528900284CDB /* tic-tac-toe */;
			productType = "com.apple.product-type.tool";
		};
/* End PBXNativeTarget section */

/* Begin PBXProject section */
		3845A59B159E528900284CDB /* Project object */ = {
			isa = PBXProject;
			attributes = {
				LastUpgradeCheck = 0430;
				ORGANIZATIONNAME = "Grant MacEwan University";
			};
			buildConfigurationList = 3845A59E159E528900284CDB /* Build configuration list for PBXProject "tic-tac-toe" */;
			compatibilityVersion = "Xcode 3.2";
			developmentRegion = English;
			hasScannedForEncodings = 0;
			knownRegions = (
				en,
			);
			mainGroup = 3845A599159E528900284CDB;
			productRefGroup = 3845A5A5159E528900284CDB /* Products */;
			projectDirPath = "";
			projectRoot = "";
			targets = (
				3845A5A3159E528900284CDB /* tic-tac-toe */,
			);
		};
/* End PBXProject section */

/* Begin PBXSourcesBuildPhase section */
		3845A5A0159E528900284CDB /* Sources */ = {
			isa = PBXSourcesBuildPhase;
			buildActionMask = 2147483647;
			files = (
				3845A5A9159E528900284CDB /* main.c in Sources */,
			);
			runOnlyForDeploymentPostprocessing = 0;
		};
/* End PBXSourcesBuildPhase section */

/* Begin XCBuildConfiguration section */
		3845A5AC159E528900284CDB /* Debug */ = {
			isa = XCBuildConfiguration;
			buildSettings = {
				ALWAYS_SEARCH_USER_PATHS = NO;
				ARCHS = "$(ARCHS_STANDARD_64_BIT)";
				CLANG_ENABLE_OBJC_ARC = YES;
				COPY_PHASE_STRIP = NO;
				GCC_C_LANGUAGE_STANDARD = gnu99;
				GCC_DYNAMIC_NO_PIC = NO;
				GCC_ENABLE_OBJC_EXCEPTIONS = YES;
				GCC_OPTIMIZATION_LEVEL = 0;
				GCC_PREPROCESSOR_DEFINITIONS = (
					"DEBUG=1",
					"$(inherited)",
				);
				GCC_SYMBOLS_PRIVATE_EXTERN = NO;
				GCC_VERSION = com.apple.compilers.llvm.clang.1_0;
				GCC_WARN_64_TO_32_BIT_CONVERSION = YES;
				GCC_WARN_ABOUT_RETURN_TYPE = YES;
				GCC_WARN_UNINITIALIZED_AUTOS = YES;
				GCC_WARN_UNUSED_VARIABLE = YES;
				MACOSX_DEPLOYMENT_TARGET = 10.7;
				ONLY_ACTIVE_ARCH = YES;
				SDKROOT = macosx;
			};
			name = Debug;
		};
		3845A5AD159E528900284CDB /* Release */ = {
			isa = XCBuildConfiguration;
			buildSettings = {
				ALWAYS_SEARCH_USER_PATHS = NO;
				ARCHS = "$(ARCHS_STANDARD_64_BIT)";
				CLANG_ENABLE_OBJC_ARC = YES;
				COPY_PHASE_STRIP = YES;
				DEBUG_INFORMATION_FORMAT = "dwarf-with-dsym";
				GCC_C_LANGUAGE_STANDARD = gnu99;
				GCC_ENABLE_OBJC_EXCEPTIONS = YES;
				GCC_VERSION = com.apple.compilers.llvm.clang.1_0;
				GCC_WARN_64_TO_32_BIT_CONVERSION = YES;
				GCC_WARN_ABOUT_RETURN_TYPE = YES;
				GCC_WARN_UNINITIALIZED_AUTOS = YES;
				GCC_WARN_UNUSED_VARIABLE = YES;
				MACOSX_DEPLOYMENT_TARGET = 10.7;
				SDKROOT = macosx;
			};
			name = Release;
		};
		3845A5AF159E528900284CDB /* Debug */ = {
			isa = XCBuildConfiguration;
			buildSettings = {
				PRODUCT_NAME = "$(TARGET_NAME)";
			};
			name = Debug;
		};
		3845A5B0159E528900284CDB /* Release */ = {
			isa = XCBuildConfiguration;
			buildSettings = {
				PRODUCT_NAME = "$(TARGET_NAME)";
			};
			name = Release;
		};
/* End XCBuildConfiguration section */

/* Begin XCConfigurationList section */
		3845A59E159E528900284CDB /* Build configuration list for PBXProject "tic-tac-toe" */ = {
			isa = XCConfigurationList;
			buildConfigurations = (
				3845A5AC159E528900284CDB /* Debug */,
				3845A5AD159E528900284CDB /* Release */,
			);
			defaultConfigurationIsVisible = 0;
			defaultConfigurationName = Release;
		};
		3845A5AE159E528900284CDB /* Build configuration list for PBXNativeTarget "tic-tac-toe" */ = {
			isa = XCConfigurationList;
			buildConfigurations = (
				3845A5AF159E528900284CDB /* Debug */,
				3845A5B0159E528900284CDB /* Release */,
			);
			defaultConfigurationIsVisible = 0;
		};
/* End XCConfigurationList section */
	};
	rootObject = 3845A59B159E528900284CDB /* Project object */;
}
